
Microsoft Visual Studio Solution File, Format Version 12.00
# Visual Studio 15
VisualStudioVersion = 15.0.27703.2035
MinimumVisualStudioVersion = 10.0.40219.1
Project("{9A19103F-16F7-4668-BE54-9A1E7A4F7556}") = "AdaptiveBlocks.Authoring", "AdaptiveBlocks.Authoring\AdaptiveBlocks.Authoring.csproj", "{0B21B6F0-9597-4366-B730-4F7C05F61F15}"
EndProject
Project("{9A19103F-16F7-4668-BE54-9A1E7A4F7556}") = "AdaptiveBlocks.Transformers.AdaptiveCards", "AdaptiveBlocks.Transformers.AdaptiveCards\AdaptiveBlocks.Transformers.AdaptiveCards.csproj", "{112E3E85-F2E7-4F34-8834-9E73CE1A912C}"
EndProject
Project("{9A19103F-16F7-4668-BE54-9A1E7A4F7556}") = "AdaptiveBlocks.Transformers", "AdaptiveBlocks.Transformers\AdaptiveBlocks.Transformers.csproj", "{B0037B1D-B569-4BEB-B531-1C089579B64A}"
EndProject
Project("{FAE04EC0-301F-11D3-BF4B-00C04F79EFBC}") = "AdaptiveBlocks.Visualizer.Uwp", "AdaptiveBlocks.Visualizer.Uwp\AdaptiveBlocks.Visualizer.Uwp.csproj", "{1FAFA92D-45EC-4225-BC08-92C3C4D66C32}"
EndProject
Project("{FAE04EC0-301F-11D3-BF4B-00C04F79EFBC}") = "NotificationsVisualizerLibrary", "NotificationsVisualizerLibrary\NotificationsVisualizerLibrary.csproj", "{220F3A47-BEC1-40EF-BE2D-98A8345AB983}"
EndProject
Project("{FAE04EC0-301F-11D3-BF4B-00C04F79EFBC}") = "AdaptiveBlocks.SharedAdaptiveCards.Uwp", "AdaptiveBlocks.SharedAdaptiveCards.Uwp\AdaptiveBlocks.SharedAdaptiveCards.Uwp.csproj", "{102C4A63-6FB9-40D4-9C73-01CE835C7FEA}"
EndProject
Project("{FAE04EC0-301F-11D3-BF4B-00C04F79EFBC}") = "AdaptiveBlocks.Transformers.ToastContent", "AdaptiveBlocks.Transformers.ToastContent\AdaptiveBlocks.Transformers.ToastContent.csproj", "{160FE23A-55EC-4D98-8E18-73F5532F1678}"
EndProject
Project("{FAE04EC0-301F-11D3-BF4B-00C04F79EFBC}") = "AdaptiveBlocks.Transformers.UserActivities", "AdaptiveBlocks.Transformers.UserActivities\AdaptiveBlocks.Transformers.UserActivities.csproj", "{BEC524A9-A73A-40A0-A729-DB3BBF8B26C8}"
EndProject
Global
	GlobalSection(SolutionConfigurationPlatforms) = preSolution
		Debug (Cards)|Any CPU = Debug (Cards)|Any CPU
		Debug (Cards)|ARM = Debug (Cards)|ARM
		Debug (Cards)|x64 = Debug (Cards)|x64
		Debug (Cards)|x86 = Debug (Cards)|x86
		Debug|Any CPU = Debug|Any CPU
		Debug|ARM = Debug|ARM
		Debug|x64 = Debug|x64
		Debug|x86 = Debug|x86
		Experimental Debug|Any CPU = Experimental Debug|Any CPU
		Experimental Debug|ARM = Experimental Debug|ARM
		Experimental Debug|x64 = Experimental Debug|x64
		Experimental Debug|x86 = Experimental Debug|x86
		Experimental Release|Any CPU = Experimental Release|Any CPU
		Experimental Release|ARM = Experimental Release|ARM
		Experimental Release|x64 = Experimental Release|x64
		Experimental Release|x86 = Experimental Release|x86
		Release|Any CPU = Release|Any CPU
		Release|ARM = Release|ARM
		Release|x64 = Release|x64
		Release|x86 = Release|x86
	EndGlobalSection
	GlobalSection(ProjectConfigurationPlatforms) = postSolution
		{0B21B6F0-9597-4366-B730-4F7C05F61F15}.Debug (Cards)|Any CPU.ActiveCfg = Debug|Any CPU
		{0B21B6F0-9597-4366-B730-4F7C05F61F15}.Debug (Cards)|Any CPU.Build.0 = Debug|Any CPU
		{0B21B6F0-9597-4366-B730-4F7C05F61F15}.Debug (Cards)|ARM.ActiveCfg = Debug|Any CPU
		{0B21B6F0-9597-4366-B730-4F7C05F61F15}.Debug (Cards)|ARM.Build.0 = Debug|Any CPU
		{0B21B6F0-9597-4366-B730-4F7C05F61F15}.Debug (Cards)|x64.ActiveCfg = Debug|Any CPU
		{0B21B6F0-9597-4366-B730-4F7C05F61F15}.Debug (Cards)|x64.Build.0 = Debug|Any CPU
		{0B21B6F0-9597-4366-B730-4F7C05F61F15}.Debug (Cards)|x86.ActiveCfg = Debug|Any CPU
		{0B21B6F0-9597-4366-B730-4F7C05F61F15}.Debug (Cards)|x86.Build.0 = Debug|Any CPU
		{0B21B6F0-9597-4366-B730-4F7C05F61F15}.Debug|Any CPU.ActiveCfg = Debug|Any CPU
		{0B21B6F0-9597-4366-B730-4F7C05F61F15}.Debug|Any CPU.Build.0 = Debug|Any CPU
		{0B21B6F0-9597-4366-B730-4F7C05F61F15}.Debug|ARM.ActiveCfg = Debug|Any CPU
		{0B21B6F0-9597-4366-B730-4F7C05F61F15}.Debug|ARM.Build.0 = Debug|Any CPU
		{0B21B6F0-9597-4366-B730-4F7C05F61F15}.Debug|x64.ActiveCfg = Debug|Any CPU
		{0B21B6F0-9597-4366-B730-4F7C05F61F15}.Debug|x64.Build.0 = Debug|Any CPU
		{0B21B6F0-9597-4366-B730-4F7C05F61F15}.Debug|x86.ActiveCfg = Debug|Any CPU
		{0B21B6F0-9597-4366-B730-4F7C05F61F15}.Debug|x86.Build.0 = Debug|Any CPU
		{0B21B6F0-9597-4366-B730-4F7C05F61F15}.Experimental Debug|Any CPU.ActiveCfg = Debug|Any CPU
		{0B21B6F0-9597-4366-B730-4F7C05F61F15}.Experimental Debug|Any CPU.Build.0 = Debug|Any CPU
		{0B21B6F0-9597-4366-B730-4F7C05F61F15}.Experimental Debug|ARM.ActiveCfg = Debug|Any CPU
		{0B21B6F0-9597-4366-B730-4F7C05F61F15}.Experimental Debug|ARM.Build.0 = Debug|Any CPU
		{0B21B6F0-9597-4366-B730-4F7C05F61F15}.Experimental Debug|x64.ActiveCfg = Debug|Any CPU
		{0B21B6F0-9597-4366-B730-4F7C05F61F15}.Experimental Debug|x64.Build.0 = Debug|Any CPU
		{0B21B6F0-9597-4366-B730-4F7C05F61F15}.Experimental Debug|x86.ActiveCfg = Debug|Any CPU
		{0B21B6F0-9597-4366-B730-4F7C05F61F15}.Experimental Debug|x86.Build.0 = Debug|Any CPU
		{0B21B6F0-9597-4366-B730-4F7C05F61F15}.Experimental Release|Any CPU.ActiveCfg = Release|Any CPU
		{0B21B6F0-9597-4366-B730-4F7C05F61F15}.Experimental Release|Any CPU.Build.0 = Release|Any CPU
		{0B21B6F0-9597-4366-B730-4F7C05F61F15}.Experimental Release|ARM.ActiveCfg = Release|Any CPU
		{0B21B6F0-9597-4366-B730-4F7C05F61F15}.Experimental Release|ARM.Build.0 = Release|Any CPU
		{0B21B6F0-9597-4366-B730-4F7C05F61F15}.Experimental Release|x64.ActiveCfg = Release|Any CPU
		{0B21B6F0-9597-4366-B730-4F7C05F61F15}.Experimental Release|x64.Build.0 = Release|Any CPU
		{0B21B6F0-9597-4366-B730-4F7C05F61F15}.Experimental Release|x86.ActiveCfg = Release|Any CPU
		{0B21B6F0-9597-4366-B730-4F7C05F61F15}.Experimental Release|x86.Build.0 = Release|Any CPU
		{0B21B6F0-9597-4366-B730-4F7C05F61F15}.Release|Any CPU.ActiveCfg = Release|Any CPU
		{0B21B6F0-9597-4366-B730-4F7C05F61F15}.Release|Any CPU.Build.0 = Release|Any CPU
		{0B21B6F0-9597-4366-B730-4F7C05F61F15}.Release|ARM.ActiveCfg = Release|Any CPU
		{0B21B6F0-9597-4366-B730-4F7C05F61F15}.Release|ARM.Build.0 = Release|Any CPU
		{0B21B6F0-9597-4366-B730-4F7C05F61F15}.Release|x64.ActiveCfg = Release|Any CPU
		{0B21B6F0-9597-4366-B730-4F7C05F61F15}.Release|x64.Build.0 = Release|Any CPU
		{0B21B6F0-9597-4366-B730-4F7C05F61F15}.Release|x86.ActiveCfg = Release|Any CPU
		{0B21B6F0-9597-4366-B730-4F7C05F61F15}.Release|x86.Build.0 = Release|Any CPU
		{112E3E85-F2E7-4F34-8834-9E73CE1A912C}.Debug (Cards)|Any CPU.ActiveCfg = Debug|Any CPU
		{112E3E85-F2E7-4F34-8834-9E73CE1A912C}.Debug (Cards)|Any CPU.Build.0 = Debug|Any CPU
		{112E3E85-F2E7-4F34-8834-9E73CE1A912C}.Debug (Cards)|ARM.ActiveCfg = Debug|Any CPU
		{112E3E85-F2E7-4F34-8834-9E73CE1A912C}.Debug (Cards)|ARM.Build.0 = Debug|Any CPU
		{112E3E85-F2E7-4F34-8834-9E73CE1A912C}.Debug (Cards)|x64.ActiveCfg = Debug|Any CPU
		{112E3E85-F2E7-4F34-8834-9E73CE1A912C}.Debug (Cards)|x64.Build.0 = Debug|Any CPU
		{112E3E85-F2E7-4F34-8834-9E73CE1A912C}.Debug (Cards)|x86.ActiveCfg = Debug|Any CPU
		{112E3E85-F2E7-4F34-8834-9E73CE1A912C}.Debug (Cards)|x86.Build.0 = Debug|Any CPU
		{112E3E85-F2E7-4F34-8834-9E73CE1A912C}.Debug|Any CPU.ActiveCfg = Debug|Any CPU
		{112E3E85-F2E7-4F34-8834-9E73CE1A912C}.Debug|Any CPU.Build.0 = Debug|Any CPU
		{112E3E85-F2E7-4F34-8834-9E73CE1A912C}.Debug|ARM.ActiveCfg = Debug|Any CPU
		{112E3E85-F2E7-4F34-8834-9E73CE1A912C}.Debug|ARM.Build.0 = Debug|Any CPU
		{112E3E85-F2E7-4F34-8834-9E73CE1A912C}.Debug|x64.ActiveCfg = Debug|Any CPU
		{112E3E85-F2E7-4F34-8834-9E73CE1A912C}.Debug|x64.Build.0 = Debug|Any CPU
		{112E3E85-F2E7-4F34-8834-9E73CE1A912C}.Debug|x86.ActiveCfg = Debug|Any CPU
		{112E3E85-F2E7-4F34-8834-9E73CE1A912C}.Debug|x86.Build.0 = Debug|Any CPU
		{112E3E85-F2E7-4F34-8834-9E73CE1A912C}.Experimental Debug|Any CPU.ActiveCfg = Debug|Any CPU
		{112E3E85-F2E7-4F34-8834-9E73CE1A912C}.Experimental Debug|Any CPU.Build.0 = Debug|Any CPU
		{112E3E85-F2E7-4F34-8834-9E73CE1A912C}.Experimental Debug|ARM.ActiveCfg = Debug|Any CPU
		{112E3E85-F2E7-4F34-8834-9E73CE1A912C}.Experimental Debug|ARM.Build.0 = Debug|Any CPU
		{112E3E85-F2E7-4F34-8834-9E73CE1A912C}.Experimental Debug|x64.ActiveCfg = Debug|Any CPU
		{112E3E85-F2E7-4F34-8834-9E73CE1A912C}.Experimental Debug|x64.Build.0 = Debug|Any CPU
		{112E3E85-F2E7-4F34-8834-9E73CE1A912C}.Experimental Debug|x86.ActiveCfg = Debug|Any CPU
		{112E3E85-F2E7-4F34-8834-9E73CE1A912C}.Experimental Debug|x86.Build.0 = Debug|Any CPU
		{112E3E85-F2E7-4F34-8834-9E73CE1A912C}.Experimental Release|Any CPU.ActiveCfg = Release|Any CPU
		{112E3E85-F2E7-4F34-8834-9E73CE1A912C}.Experimental Release|Any CPU.Build.0 = Release|Any CPU
		{112E3E85-F2E7-4F34-8834-9E73CE1A912C}.Experimental Release|ARM.ActiveCfg = Release|Any CPU
		{112E3E85-F2E7-4F34-8834-9E73CE1A912C}.Experimental Release|ARM.Build.0 = Release|Any CPU
		{112E3E85-F2E7-4F34-8834-9E73CE1A912C}.Experimental Release|x64.ActiveCfg = Release|Any CPU
		{112E3E85-F2E7-4F34-8834-9E73CE1A912C}.Experimental Release|x64.Build.0 = Release|Any CPU
		{112E3E85-F2E7-4F34-8834-9E73CE1A912C}.Experimental Release|x86.ActiveCfg = Release|Any CPU
		{112E3E85-F2E7-4F34-8834-9E73CE1A912C}.Experimental Release|x86.Build.0 = Release|Any CPU
		{112E3E85-F2E7-4F34-8834-9E73CE1A912C}.Release|Any CPU.ActiveCfg = Release|Any CPU
		{112E3E85-F2E7-4F34-8834-9E73CE1A912C}.Release|Any CPU.Build.0 = Release|Any CPU
		{112E3E85-F2E7-4F34-8834-9E73CE1A912C}.Release|ARM.ActiveCfg = Release|Any CPU
		{112E3E85-F2E7-4F34-8834-9E73CE1A912C}.Release|ARM.Build.0 = Release|Any CPU
		{112E3E85-F2E7-4F34-8834-9E73CE1A912C}.Release|x64.ActiveCfg = Release|Any CPU
		{112E3E85-F2E7-4F34-8834-9E73CE1A912C}.Release|x64.Build.0 = Release|Any CPU
		{112E3E85-F2E7-4F34-8834-9E73CE1A912C}.Release|x86.ActiveCfg = Release|Any CPU
		{112E3E85-F2E7-4F34-8834-9E73CE1A912C}.Release|x86.Build.0 = Release|Any CPU
		{B0037B1D-B569-4BEB-B531-1C089579B64A}.Debug (Cards)|Any CPU.ActiveCfg = Debug|Any CPU
		{B0037B1D-B569-4BEB-B531-1C089579B64A}.Debug (Cards)|Any CPU.Build.0 = Debug|Any CPU
		{B0037B1D-B569-4BEB-B531-1C089579B64A}.Debug (Cards)|ARM.ActiveCfg = Debug|Any CPU
		{B0037B1D-B569-4BEB-B531-1C089579B64A}.Debug (Cards)|ARM.Build.0 = Debug|Any CPU
		{B0037B1D-B569-4BEB-B531-1C089579B64A}.Debug (Cards)|x64.ActiveCfg = Debug|Any CPU
		{B0037B1D-B569-4BEB-B531-1C089579B64A}.Debug (Cards)|x64.Build.0 = Debug|Any CPU
		{B0037B1D-B569-4BEB-B531-1C089579B64A}.Debug (Cards)|x86.ActiveCfg = Debug|Any CPU
		{B0037B1D-B569-4BEB-B531-1C089579B64A}.Debug (Cards)|x86.Build.0 = Debug|Any CPU
		{B0037B1D-B569-4BEB-B531-1C089579B64A}.Debug|Any CPU.ActiveCfg = Debug|Any CPU
		{B0037B1D-B569-4BEB-B531-1C089579B64A}.Debug|Any CPU.Build.0 = Debug|Any CPU
		{B0037B1D-B569-4BEB-B531-1C089579B64A}.Debug|ARM.ActiveCfg = Debug|Any CPU
		{B0037B1D-B569-4BEB-B531-1C089579B64A}.Debug|ARM.Build.0 = Debug|Any CPU
		{B0037B1D-B569-4BEB-B531-1C089579B64A}.Debug|x64.ActiveCfg = Debug|Any CPU
		{B0037B1D-B569-4BEB-B531-1C089579B64A}.Debug|x64.Build.0 = Debug|Any CPU
		{B0037B1D-B569-4BEB-B531-1C089579B64A}.Debug|x86.ActiveCfg = Debug|Any CPU
		{B0037B1D-B569-4BEB-B531-1C089579B64A}.Debug|x86.Build.0 = Debug|Any CPU
		{B0037B1D-B569-4BEB-B531-1C089579B64A}.Experimental Debug|Any CPU.ActiveCfg = Debug|Any CPU
		{B0037B1D-B569-4BEB-B531-1C089579B64A}.Experimental Debug|Any CPU.Build.0 = Debug|Any CPU
		{B0037B1D-B569-4BEB-B531-1C089579B64A}.Experimental Debug|ARM.ActiveCfg = Debug|Any CPU
		{B0037B1D-B569-4BEB-B531-1C089579B64A}.Experimental Debug|ARM.Build.0 = Debug|Any CPU
		{B0037B1D-B569-4BEB-B531-1C089579B64A}.Experimental Debug|x64.ActiveCfg = Debug|Any CPU
		{B0037B1D-B569-4BEB-B531-1C089579B64A}.Experimental Debug|x64.Build.0 = Debug|Any CPU
		{B0037B1D-B569-4BEB-B531-1C089579B64A}.Experimental Debug|x86.ActiveCfg = Debug|Any CPU
		{B0037B1D-B569-4BEB-B531-1C089579B64A}.Experimental Debug|x86.Build.0 = Debug|Any CPU
		{B0037B1D-B569-4BEB-B531-1C089579B64A}.Experimental Release|Any CPU.ActiveCfg = Release|Any CPU
		{B0037B1D-B569-4BEB-B531-1C089579B64A}.Experimental Release|Any CPU.Build.0 = Release|Any CPU
		{B0037B1D-B569-4BEB-B531-1C089579B64A}.Experimental Release|ARM.ActiveCfg = Release|Any CPU
		{B0037B1D-B569-4BEB-B531-1C089579B64A}.Experimental Release|ARM.Build.0 = Release|Any CPU
		{B0037B1D-B569-4BEB-B531-1C089579B64A}.Experimental Release|x64.ActiveCfg = Release|Any CPU
		{B0037B1D-B569-4BEB-B531-1C089579B64A}.Experimental Release|x64.Build.0 = Release|Any CPU
		{B0037B1D-B569-4BEB-B531-1C089579B64A}.Experimental Release|x86.ActiveCfg = Release|Any CPU
		{B0037B1D-B569-4BEB-B531-1C089579B64A}.Experimental Release|x86.Build.0 = Release|Any CPU
		{B0037B1D-B569-4BEB-B531-1C089579B64A}.Release|Any CPU.ActiveCfg = Release|Any CPU
		{B0037B1D-B569-4BEB-B531-1C089579B64A}.Release|Any CPU.Build.0 = Release|Any CPU
		{B0037B1D-B569-4BEB-B531-1C089579B64A}.Release|ARM.ActiveCfg = Release|Any CPU
		{B0037B1D-B569-4BEB-B531-1C089579B64A}.Release|ARM.Build.0 = Release|Any CPU
		{B0037B1D-B569-4BEB-B531-1C089579B64A}.Release|x64.ActiveCfg = Release|Any CPU
		{B0037B1D-B569-4BEB-B531-1C089579B64A}.Release|x64.Build.0 = Release|Any CPU
		{B0037B1D-B569-4BEB-B531-1C089579B64A}.Release|x86.ActiveCfg = Release|Any CPU
		{B0037B1D-B569-4BEB-B531-1C089579B64A}.Release|x86.Build.0 = Release|Any CPU
		{1FAFA92D-45EC-4225-BC08-92C3C4D66C32}.Debug (Cards)|Any CPU.ActiveCfg = Release|x64
		{1FAFA92D-45EC-4225-BC08-92C3C4D66C32}.Debug (Cards)|Any CPU.Build.0 = Release|x64
		{1FAFA92D-45EC-4225-BC08-92C3C4D66C32}.Debug (Cards)|Any CPU.Deploy.0 = Release|x64
		{1FAFA92D-45EC-4225-BC08-92C3C4D66C32}.Debug (Cards)|ARM.ActiveCfg = Debug|ARM
		{1FAFA92D-45EC-4225-BC08-92C3C4D66C32}.Debug (Cards)|ARM.Build.0 = Debug|ARM
		{1FAFA92D-45EC-4225-BC08-92C3C4D66C32}.Debug (Cards)|ARM.Deploy.0 = Debug|ARM
		{1FAFA92D-45EC-4225-BC08-92C3C4D66C32}.Debug (Cards)|x64.ActiveCfg = Debug|x64
		{1FAFA92D-45EC-4225-BC08-92C3C4D66C32}.Debug (Cards)|x64.Build.0 = Debug|x64
		{1FAFA92D-45EC-4225-BC08-92C3C4D66C32}.Debug (Cards)|x64.Deploy.0 = Debug|x64
		{1FAFA92D-45EC-4225-BC08-92C3C4D66C32}.Debug (Cards)|x86.ActiveCfg = Debug|x86
		{1FAFA92D-45EC-4225-BC08-92C3C4D66C32}.Debug (Cards)|x86.Build.0 = Debug|x86
		{1FAFA92D-45EC-4225-BC08-92C3C4D66C32}.Debug (Cards)|x86.Deploy.0 = Debug|x86
		{1FAFA92D-45EC-4225-BC08-92C3C4D66C32}.Debug|Any CPU.ActiveCfg = Debug|x86
		{1FAFA92D-45EC-4225-BC08-92C3C4D66C32}.Debug|ARM.ActiveCfg = Debug|ARM
		{1FAFA92D-45EC-4225-BC08-92C3C4D66C32}.Debug|ARM.Build.0 = Debug|ARM
		{1FAFA92D-45EC-4225-BC08-92C3C4D66C32}.Debug|ARM.Deploy.0 = Debug|ARM
		{1FAFA92D-45EC-4225-BC08-92C3C4D66C32}.Debug|x64.ActiveCfg = Debug|x64
		{1FAFA92D-45EC-4225-BC08-92C3C4D66C32}.Debug|x64.Build.0 = Debug|x64
		{1FAFA92D-45EC-4225-BC08-92C3C4D66C32}.Debug|x64.Deploy.0 = Debug|x64
		{1FAFA92D-45EC-4225-BC08-92C3C4D66C32}.Debug|x86.ActiveCfg = Debug|x86
		{1FAFA92D-45EC-4225-BC08-92C3C4D66C32}.Debug|x86.Build.0 = Debug|x86
		{1FAFA92D-45EC-4225-BC08-92C3C4D66C32}.Debug|x86.Deploy.0 = Debug|x86
		{1FAFA92D-45EC-4225-BC08-92C3C4D66C32}.Experimental Debug|Any CPU.ActiveCfg = Release|x64
		{1FAFA92D-45EC-4225-BC08-92C3C4D66C32}.Experimental Debug|Any CPU.Build.0 = Release|x64
		{1FAFA92D-45EC-4225-BC08-92C3C4D66C32}.Experimental Debug|Any CPU.Deploy.0 = Release|x64
		{1FAFA92D-45EC-4225-BC08-92C3C4D66C32}.Experimental Debug|ARM.ActiveCfg = Debug|ARM
		{1FAFA92D-45EC-4225-BC08-92C3C4D66C32}.Experimental Debug|ARM.Build.0 = Debug|ARM
		{1FAFA92D-45EC-4225-BC08-92C3C4D66C32}.Experimental Debug|ARM.Deploy.0 = Debug|ARM
		{1FAFA92D-45EC-4225-BC08-92C3C4D66C32}.Experimental Debug|x64.ActiveCfg = Debug|x64
		{1FAFA92D-45EC-4225-BC08-92C3C4D66C32}.Experimental Debug|x64.Build.0 = Debug|x64
		{1FAFA92D-45EC-4225-BC08-92C3C4D66C32}.Experimental Debug|x64.Deploy.0 = Debug|x64
		{1FAFA92D-45EC-4225-BC08-92C3C4D66C32}.Experimental Debug|x86.ActiveCfg = Debug|x86
		{1FAFA92D-45EC-4225-BC08-92C3C4D66C32}.Experimental Debug|x86.Build.0 = Debug|x86
		{1FAFA92D-45EC-4225-BC08-92C3C4D66C32}.Experimental Debug|x86.Deploy.0 = Debug|x86
		{1FAFA92D-45EC-4225-BC08-92C3C4D66C32}.Experimental Release|Any CPU.ActiveCfg = Release|x64
		{1FAFA92D-45EC-4225-BC08-92C3C4D66C32}.Experimental Release|Any CPU.Build.0 = Release|x64
		{1FAFA92D-45EC-4225-BC08-92C3C4D66C32}.Experimental Release|Any CPU.Deploy.0 = Release|x64
		{1FAFA92D-45EC-4225-BC08-92C3C4D66C32}.Experimental Release|ARM.ActiveCfg = Release|ARM
		{1FAFA92D-45EC-4225-BC08-92C3C4D66C32}.Experimental Release|ARM.Build.0 = Release|ARM
		{1FAFA92D-45EC-4225-BC08-92C3C4D66C32}.Experimental Release|ARM.Deploy.0 = Release|ARM
		{1FAFA92D-45EC-4225-BC08-92C3C4D66C32}.Experimental Release|x64.ActiveCfg = Release|x64
		{1FAFA92D-45EC-4225-BC08-92C3C4D66C32}.Experimental Release|x64.Build.0 = Release|x64
		{1FAFA92D-45EC-4225-BC08-92C3C4D66C32}.Experimental Release|x64.Deploy.0 = Release|x64
		{1FAFA92D-45EC-4225-BC08-92C3C4D66C32}.Experimental Release|x86.ActiveCfg = Release|x86
		{1FAFA92D-45EC-4225-BC08-92C3C4D66C32}.Experimental Release|x86.Build.0 = Release|x86
		{1FAFA92D-45EC-4225-BC08-92C3C4D66C32}.Experimental Release|x86.Deploy.0 = Release|x86
		{1FAFA92D-45EC-4225-BC08-92C3C4D66C32}.Release|Any CPU.ActiveCfg = Release|x86
		{1FAFA92D-45EC-4225-BC08-92C3C4D66C32}.Release|ARM.ActiveCfg = Release|ARM
		{1FAFA92D-45EC-4225-BC08-92C3C4D66C32}.Release|ARM.Build.0 = Release|ARM
		{1FAFA92D-45EC-4225-BC08-92C3C4D66C32}.Release|ARM.Deploy.0 = Release|ARM
		{1FAFA92D-45EC-4225-BC08-92C3C4D66C32}.Release|x64.ActiveCfg = Release|x64
		{1FAFA92D-45EC-4225-BC08-92C3C4D66C32}.Release|x64.Build.0 = Release|x64
		{1FAFA92D-45EC-4225-BC08-92C3C4D66C32}.Release|x64.Deploy.0 = Release|x64
		{1FAFA92D-45EC-4225-BC08-92C3C4D66C32}.Release|x86.ActiveCfg = Release|x86
		{1FAFA92D-45EC-4225-BC08-92C3C4D66C32}.Release|x86.Build.0 = Release|x86
		{1FAFA92D-45EC-4225-BC08-92C3C4D66C32}.Release|x86.Deploy.0 = Release|x86
		{220F3A47-BEC1-40EF-BE2D-98A8345AB983}.Debug (Cards)|Any CPU.ActiveCfg = Debug (Cards)|Any CPU
		{220F3A47-BEC1-40EF-BE2D-98A8345AB983}.Debug (Cards)|Any CPU.Build.0 = Debug (Cards)|Any CPU
		{220F3A47-BEC1-40EF-BE2D-98A8345AB983}.Debug (Cards)|ARM.ActiveCfg = Debug (Cards)|ARM
		{220F3A47-BEC1-40EF-BE2D-98A8345AB983}.Debug (Cards)|ARM.Build.0 = Debug (Cards)|ARM
		{220F3A47-BEC1-40EF-BE2D-98A8345AB983}.Debug (Cards)|x64.ActiveCfg = Debug (Cards)|x64
		{220F3A47-BEC1-40EF-BE2D-98A8345AB983}.Debug (Cards)|x64.Build.0 = Debug (Cards)|x64
		{220F3A47-BEC1-40EF-BE2D-98A8345AB983}.Debug (Cards)|x86.ActiveCfg = Debug (Cards)|x86
		{220F3A47-BEC1-40EF-BE2D-98A8345AB983}.Debug (Cards)|x86.Build.0 = Debug (Cards)|x86
		{220F3A47-BEC1-40EF-BE2D-98A8345AB983}.Debug|Any CPU.ActiveCfg = Debug|Any CPU
		{220F3A47-BEC1-40EF-BE2D-98A8345AB983}.Debug|Any CPU.Build.0 = Debug|Any CPU
		{220F3A47-BEC1-40EF-BE2D-98A8345AB983}.Debug|ARM.ActiveCfg = Debug|ARM
		{220F3A47-BEC1-40EF-BE2D-98A8345AB983}.Debug|ARM.Build.0 = Debug|ARM
		{220F3A47-BEC1-40EF-BE2D-98A8345AB983}.Debug|x64.ActiveCfg = Debug|x64
		{220F3A47-BEC1-40EF-BE2D-98A8345AB983}.Debug|x64.Build.0 = Debug|x64
		{220F3A47-BEC1-40EF-BE2D-98A8345AB983}.Debug|x86.ActiveCfg = Debug|x86
		{220F3A47-BEC1-40EF-BE2D-98A8345AB983}.Debug|x86.Build.0 = Debug|x86
		{220F3A47-BEC1-40EF-BE2D-98A8345AB983}.Experimental Debug|Any CPU.ActiveCfg = Experimental Debug|Any CPU
		{220F3A47-BEC1-40EF-BE2D-98A8345AB983}.Experimental Debug|Any CPU.Build.0 = Experimental Debug|Any CPU
		{220F3A47-BEC1-40EF-BE2D-98A8345AB983}.Experimental Debug|ARM.ActiveCfg = Experimental Debug|ARM
		{220F3A47-BEC1-40EF-BE2D-98A8345AB983}.Experimental Debug|ARM.Build.0 = Experimental Debug|ARM
		{220F3A47-BEC1-40EF-BE2D-98A8345AB983}.Experimental Debug|x64.ActiveCfg = Experimental Debug|x64
		{220F3A47-BEC1-40EF-BE2D-98A8345AB983}.Experimental Debug|x64.Build.0 = Experimental Debug|x64
		{220F3A47-BEC1-40EF-BE2D-98A8345AB983}.Experimental Debug|x86.ActiveCfg = Experimental Debug|x86
		{220F3A47-BEC1-40EF-BE2D-98A8345AB983}.Experimental Debug|x86.Build.0 = Experimental Debug|x86
		{220F3A47-BEC1-40EF-BE2D-98A8345AB983}.Experimental Release|Any CPU.ActiveCfg = Experimental Release|Any CPU
		{220F3A47-BEC1-40EF-BE2D-98A8345AB983}.Experimental Release|Any CPU.Build.0 = Experimental Release|Any CPU
		{220F3A47-BEC1-40EF-BE2D-98A8345AB983}.Experimental Release|ARM.ActiveCfg = Experimental Release|ARM
		{220F3A47-BEC1-40EF-BE2D-98A8345AB983}.Experimental Release|ARM.Build.0 = Experimental Release|ARM
		{220F3A47-BEC1-40EF-BE2D-98A8345AB983}.Experimental Release|x64.ActiveCfg = Experimental Release|x64
		{220F3A47-BEC1-40EF-BE2D-98A8345AB983}.Experimental Release|x64.Build.0 = Experimental Release|x64
		{220F3A47-BEC1-40EF-BE2D-98A8345AB983}.Experimental Release|x86.ActiveCfg = Experimental Release|x86
		{220F3A47-BEC1-40EF-BE2D-98A8345AB983}.Experimental Release|x86.Build.0 = Experimental Release|x86
		{220F3A47-BEC1-40EF-BE2D-98A8345AB983}.Release|Any CPU.ActiveCfg = Release|Any CPU
		{220F3A47-BEC1-40EF-BE2D-98A8345AB983}.Release|Any CPU.Build.0 = Release|Any CPU
		{220F3A47-BEC1-40EF-BE2D-98A8345AB983}.Release|ARM.ActiveCfg = Release|ARM
		{220F3A47-BEC1-40EF-BE2D-98A8345AB983}.Release|ARM.Build.0 = Release|ARM
		{220F3A47-BEC1-40EF-BE2D-98A8345AB983}.Release|x64.ActiveCfg = Release|x64
		{220F3A47-BEC1-40EF-BE2D-98A8345AB983}.Release|x64.Build.0 = Release|x64
		{220F3A47-BEC1-40EF-BE2D-98A8345AB983}.Release|x86.ActiveCfg = Release|x86
		{220F3A47-BEC1-40EF-BE2D-98A8345AB983}.Release|x86.Build.0 = Release|x86
		{102C4A63-6FB9-40D4-9C73-01CE835C7FEA}.Debug (Cards)|Any CPU.ActiveCfg = Debug|Any CPU
		{102C4A63-6FB9-40D4-9C73-01CE835C7FEA}.Debug (Cards)|Any CPU.Build.0 = Debug|Any CPU
		{102C4A63-6FB9-40D4-9C73-01CE835C7FEA}.Debug (Cards)|ARM.ActiveCfg = Debug|ARM
		{102C4A63-6FB9-40D4-9C73-01CE835C7FEA}.Debug (Cards)|ARM.Build.0 = Debug|ARM
		{102C4A63-6FB9-40D4-9C73-01CE835C7FEA}.Debug (Cards)|x64.ActiveCfg = Debug|x64
		{102C4A63-6FB9-40D4-9C73-01CE835C7FEA}.Debug (Cards)|x64.Build.0 = Debug|x64
		{102C4A63-6FB9-40D4-9C73-01CE835C7FEA}.Debug (Cards)|x86.ActiveCfg = Debug|x86
		{102C4A63-6FB9-40D4-9C73-01CE835C7FEA}.Debug (Cards)|x86.Build.0 = Debug|x86
		{102C4A63-6FB9-40D4-9C73-01CE835C7FEA}.Debug|Any CPU.ActiveCfg = Debug|Any CPU
		{102C4A63-6FB9-40D4-9C73-01CE835C7FEA}.Debug|Any CPU.Build.0 = Debug|Any CPU
		{102C4A63-6FB9-40D4-9C73-01CE835C7FEA}.Debug|ARM.ActiveCfg = Debug|ARM
		{102C4A63-6FB9-40D4-9C73-01CE835C7FEA}.Debug|ARM.Build.0 = Debug|ARM
		{102C4A63-6FB9-40D4-9C73-01CE835C7FEA}.Debug|x64.ActiveCfg = Debug|x64
		{102C4A63-6FB9-40D4-9C73-01CE835C7FEA}.Debug|x64.Build.0 = Debug|x64
		{102C4A63-6FB9-40D4-9C73-01CE835C7FEA}.Debug|x86.ActiveCfg = Debug|x86
		{102C4A63-6FB9-40D4-9C73-01CE835C7FEA}.Debug|x86.Build.0 = Debug|x86
		{102C4A63-6FB9-40D4-9C73-01CE835C7FEA}.Experimental Debug|Any CPU.ActiveCfg = Debug|Any CPU
		{102C4A63-6FB9-40D4-9C73-01CE835C7FEA}.Experimental Debug|Any CPU.Build.0 = Debug|Any CPU
		{102C4A63-6FB9-40D4-9C73-01CE835C7FEA}.Experimental Debug|ARM.ActiveCfg = Debug|ARM
		{102C4A63-6FB9-40D4-9C73-01CE835C7FEA}.Experimental Debug|ARM.Build.0 = Debug|ARM
		{102C4A63-6FB9-40D4-9C73-01CE835C7FEA}.Experimental Debug|x64.ActiveCfg = Debug|x64
		{102C4A63-6FB9-40D4-9C73-01CE835C7FEA}.Experimental Debug|x64.Build.0 = Debug|x64
		{102C4A63-6FB9-40D4-9C73-01CE835C7FEA}.Experimental Debug|x86.ActiveCfg = Debug|x86
		{102C4A63-6FB9-40D4-9C73-01CE835C7FEA}.Experimental Debug|x86.Build.0 = Debug|x86
		{102C4A63-6FB9-40D4-9C73-01CE835C7FEA}.Experimental Release|Any CPU.ActiveCfg = Release|Any CPU
		{102C4A63-6FB9-40D4-9C73-01CE835C7FEA}.Experimental Release|Any CPU.Build.0 = Release|Any CPU
		{102C4A63-6FB9-40D4-9C73-01CE835C7FEA}.Experimental Release|ARM.ActiveCfg = Release|ARM
		{102C4A63-6FB9-40D4-9C73-01CE835C7FEA}.Experimental Release|ARM.Build.0 = Release|ARM
		{102C4A63-6FB9-40D4-9C73-01CE835C7FEA}.Experimental Release|x64.ActiveCfg = Release|x64
		{102C4A63-6FB9-40D4-9C73-01CE835C7FEA}.Experimental Release|x64.Build.0 = Release|x64
		{102C4A63-6FB9-40D4-9C73-01CE835C7FEA}.Experimental Release|x86.ActiveCfg = Release|x86
		{102C4A63-6FB9-40D4-9C73-01CE835C7FEA}.Experimental Release|x86.Build.0 = Release|x86
		{102C4A63-6FB9-40D4-9C73-01CE835C7FEA}.Release|Any CPU.ActiveCfg = Release|Any CPU
		{102C4A63-6FB9-40D4-9C73-01CE835C7FEA}.Release|Any CPU.Build.0 = Release|Any CPU
		{102C4A63-6FB9-40D4-9C73-01CE835C7FEA}.Release|ARM.ActiveCfg = Release|ARM
		{102C4A63-6FB9-40D4-9C73-01CE835C7FEA}.Release|ARM.Build.0 = Release|ARM
		{102C4A63-6FB9-40D4-9C73-01CE835C7FEA}.Release|x64.ActiveCfg = Release|x64
		{102C4A63-6FB9-40D4-9C73-01CE835C7FEA}.Release|x64.Build.0 = Release|x64
		{102C4A63-6FB9-40D4-9C73-01CE835C7FEA}.Release|x86.ActiveCfg = Release|x86
		{102C4A63-6FB9-40D4-9C73-01CE835C7FEA}.Release|x86.Build.0 = Release|x86
		{160FE23A-55EC-4D98-8E18-73F5532F1678}.Debug (Cards)|Any CPU.ActiveCfg = Debug|Any CPU
		{160FE23A-55EC-4D98-8E18-73F5532F1678}.Debug (Cards)|Any CPU.Build.0 = Debug|Any CPU
		{160FE23A-55EC-4D98-8E18-73F5532F1678}.Debug (Cards)|ARM.ActiveCfg = Debug|Any CPU
		{160FE23A-55EC-4D98-8E18-73F5532F1678}.Debug (Cards)|ARM.Build.0 = Debug|Any CPU
		{160FE23A-55EC-4D98-8E18-73F5532F1678}.Debug (Cards)|x64.ActiveCfg = Debug|Any CPU
		{160FE23A-55EC-4D98-8E18-73F5532F1678}.Debug (Cards)|x64.Build.0 = Debug|Any CPU
		{160FE23A-55EC-4D98-8E18-73F5532F1678}.Debug (Cards)|x86.ActiveCfg = Debug|Any CPU
		{160FE23A-55EC-4D98-8E18-73F5532F1678}.Debug (Cards)|x86.Build.0 = Debug|Any CPU
		{160FE23A-55EC-4D98-8E18-73F5532F1678}.Debug|Any CPU.ActiveCfg = Debug|Any CPU
		{160FE23A-55EC-4D98-8E18-73F5532F1678}.Debug|Any CPU.Build.0 = Debug|Any CPU
		{160FE23A-55EC-4D98-8E18-73F5532F1678}.Debug|ARM.ActiveCfg = Debug|Any CPU
		{160FE23A-55EC-4D98-8E18-73F5532F1678}.Debug|ARM.Build.0 = Debug|Any CPU
		{160FE23A-55EC-4D98-8E18-73F5532F1678}.Debug|x64.ActiveCfg = Debug|Any CPU
		{160FE23A-55EC-4D98-8E18-73F5532F1678}.Debug|x64.Build.0 = Debug|Any CPU
		{160FE23A-55EC-4D98-8E18-73F5532F1678}.Debug|x86.ActiveCfg = Debug|Any CPU
		{160FE23A-55EC-4D98-8E18-73F5532F1678}.Debug|x86.Build.0 = Debug|Any CPU
		{160FE23A-55EC-4D98-8E18-73F5532F1678}.Experimental Debug|Any CPU.ActiveCfg = Debug|Any CPU
		{160FE23A-55EC-4D98-8E18-73F5532F1678}.Experimental Debug|Any CPU.Build.0 = Debug|Any CPU
		{160FE23A-55EC-4D98-8E18-73F5532F1678}.Experimental Debug|ARM.ActiveCfg = Debug|Any CPU
		{160FE23A-55EC-4D98-8E18-73F5532F1678}.Experimental Debug|ARM.Build.0 = Debug|Any CPU
		{160FE23A-55EC-4D98-8E18-73F5532F1678}.Experimental Debug|x64.ActiveCfg = Debug|Any CPU
		{160FE23A-55EC-4D98-8E18-73F5532F1678}.Experimental Debug|x64.Build.0 = Debug|Any CPU
		{160FE23A-55EC-4D98-8E18-73F5532F1678}.Experimental Debug|x86.ActiveCfg = Debug|Any CPU
		{160FE23A-55EC-4D98-8E18-73F5532F1678}.Experimental Debug|x86.Build.0 = Debug|Any CPU
		{160FE23A-55EC-4D98-8E18-73F5532F1678}.Experimental Release|Any CPU.ActiveCfg = Release|Any CPU
		{160FE23A-55EC-4D98-8E18-73F5532F1678}.Experimental Release|Any CPU.Build.0 = Release|Any CPU
		{160FE23A-55EC-4D98-8E18-73F5532F1678}.Experimental Release|ARM.ActiveCfg = Release|Any CPU
		{160FE23A-55EC-4D98-8E18-73F5532F1678}.Experimental Release|ARM.Build.0 = Release|Any CPU
		{160FE23A-55EC-4D98-8E18-73F5532F1678}.Experimental Release|x64.ActiveCfg = Release|Any CPU
		{160FE23A-55EC-4D98-8E18-73F5532F1678}.Experimental Release|x64.Build.0 = Release|Any CPU
		{160FE23A-55EC-4D98-8E18-73F5532F1678}.Experimental Release|x86.ActiveCfg = Release|Any CPU
		{160FE23A-55EC-4D98-8E18-73F5532F1678}.Experimental Release|x86.Build.0 = Release|Any CPU
		{160FE23A-55EC-4D98-8E18-73F5532F1678}.Release|Any CPU.ActiveCfg = Release|Any CPU
		{160FE23A-55EC-4D98-8E18-73F5532F1678}.Release|Any CPU.Build.0 = Release|Any CPU
		{160FE23A-55EC-4D98-8E18-73F5532F1678}.Release|ARM.ActiveCfg = Release|Any CPU
		{160FE23A-55EC-4D98-8E18-73F5532F1678}.Release|ARM.Build.0 = Release|Any CPU
		{160FE23A-55EC-4D98-8E18-73F5532F1678}.Release|x64.ActiveCfg = Release|Any CPU
		{160FE23A-55EC-4D98-8E18-73F5532F1678}.Release|x64.Build.0 = Release|Any CPU
		{160FE23A-55EC-4D98-8E18-73F5532F1678}.Release|x86.ActiveCfg = Release|Any CPU
		{160FE23A-55EC-4D98-8E18-73F5532F1678}.Release|x86.Build.0 = Release|Any CPU
		{BEC524A9-A73A-40A0-A729-DB3BBF8B26C8}.Debug (Cards)|Any CPU.ActiveCfg = Debug|Any CPU
		{BEC524A9-A73A-40A0-A729-DB3BBF8B26C8}.Debug (Cards)|Any CPU.Build.0 = Debug|Any CPU
		{BEC524A9-A73A-40A0-A729-DB3BBF8B26C8}.Debug (Cards)|ARM.ActiveCfg = Debug|ARM
		{BEC524A9-A73A-40A0-A729-DB3BBF8B26C8}.Debug (Cards)|ARM.Build.0 = Debug|ARM
		{BEC524A9-A73A-40A0-A729-DB3BBF8B26C8}.Debug (Cards)|x64.ActiveCfg = Debug|x64
		{BEC524A9-A73A-40A0-A729-DB3BBF8B26C8}.Debug (Cards)|x64.Build.0 = Debug|x64
		{BEC524A9-A73A-40A0-A729-DB3BBF8B26C8}.Debug (Cards)|x86.ActiveCfg = Debug|x86
		{BEC524A9-A73A-40A0-A729-DB3BBF8B26C8}.Debug (Cards)|x86.Build.0 = Debug|x86
		{BEC524A9-A73A-40A0-A729-DB3BBF8B26C8}.Debug|Any CPU.ActiveCfg = Debug|Any CPU
		{BEC524A9-A73A-40A0-A729-DB3BBF8B26C8}.Debug|Any CPU.Build.0 = Debug|Any CPU
		{BEC524A9-A73A-40A0-A729-DB3BBF8B26C8}.Debug|ARM.ActiveCfg = Debug|ARM
		{BEC524A9-A73A-40A0-A729-DB3BBF8B26C8}.Debug|ARM.Build.0 = Debug|ARM
		{BEC524A9-A73A-40A0-A729-DB3BBF8B26C8}.Debug|x64.ActiveCfg = Debug|x64
		{BEC524A9-A73A-40A0-A729-DB3BBF8B26C8}.Debug|x64.Build.0 = Debug|x64
		{BEC524A9-A73A-40A0-A729-DB3BBF8B26C8}.Debug|x86.ActiveCfg = Debug|x86
		{BEC524A9-A73A-40A0-A729-DB3BBF8B26C8}.Debug|x86.Build.0 = Debug|x86
		{BEC524A9-A73A-40A0-A729-DB3BBF8B26C8}.Experimental Debug|Any CPU.ActiveCfg = Debug|Any CPU
		{BEC524A9-A73A-40A0-A729-DB3BBF8B26C8}.Experimental Debug|Any CPU.Build.0 = Debug|Any CPU
		{BEC524A9-A73A-40A0-A729-DB3BBF8B26C8}.Experimental Debug|ARM.ActiveCfg = Debug|ARM
		{BEC524A9-A73A-40A0-A729-DB3BBF8B26C8}.Experimental Debug|ARM.Build.0 = Debug|ARM
		{BEC524A9-A73A-40A0-A729-DB3BBF8B26C8}.Experimental Debug|x64.ActiveCfg = Debug|x64
		{BEC524A9-A73A-40A0-A729-DB3BBF8B26C8}.Experimental Debug|x64.Build.0 = Debug|x64
		{BEC524A9-A73A-40A0-A729-DB3BBF8B26C8}.Experimental Debug|x86.ActiveCfg = Debug|x86
		{BEC524A9-A73A-40A0-A729-DB3BBF8B26C8}.Experimental Debug|x86.Build.0 = Debug|x86
		{BEC524A9-A73A-40A0-A729-DB3BBF8B26C8}.Experimental Release|Any CPU.ActiveCfg = Release|Any CPU
		{BEC524A9-A73A-40A0-A729-DB3BBF8B26C8}.Experimental Release|Any CPU.Build.0 = Release|Any CPU
		{BEC524A9-A73A-40A0-A729-DB3BBF8B26C8}.Experimental Release|ARM.ActiveCfg = Release|ARM
		{BEC524A9-A73A-40A0-A729-DB3BBF8B26C8}.Experimental Release|ARM.Build.0 = Release|ARM
		{BEC524A9-A73A-40A0-A729-DB3BBF8B26C8}.Experimental Release|x64.ActiveCfg = Release|x64
		{BEC524A9-A73A-40A0-A729-DB3BBF8B26C8}.Experimental Release|x64.Build.0 = Release|x64
		{BEC524A9-A73A-40A0-A729-DB3BBF8B26C8}.Experimental Release|x86.ActiveCfg = Release|x86
		{BEC524A9-A73A-40A0-A729-DB3BBF8B26C8}.Experimental Release|x86.Build.0 = Release|x86
		{BEC524A9-A73A-40A0-A729-DB3BBF8B26C8}.Release|Any CPU.ActiveCfg = Release|Any CPU
		{BEC524A9-A73A-40A0-A729-DB3BBF8B26C8}.Release|Any CPU.Build.0 = Release|Any CPU
		{BEC524A9-A73A-40A0-A729-DB3BBF8B26C8}.Release|ARM.ActiveCfg = Release|ARM
		{BEC524A9-A73A-40A0-A729-DB3BBF8B26C8}.Release|ARM.Build.0 = Release|ARM
		{BEC524A9-A73A-40A0-A729-DB3BBF8B26C8}.Release|x64.ActiveCfg = Release|x64
		{BEC524A9-A73A-40A0-A729-DB3BBF8B26C8}.Release|x64.Build.0 = Release|x64
		{BEC524A9-A73A-40A0-A729-DB3BBF8B26C8}.Release|x86.ActiveCfg = Release|x86
		{BEC524A9-A73A-40A0-A729-DB3BBF8B26C8}.Release|x86.Build.0 = Release|x86
	EndGlobalSection
	GlobalSection(SolutionProperties) = preSolution
		HideSolutionNode = FALSE
	EndGlobalSection
	GlobalSection(ExtensibilityGlobals) = postSolution
		SolutionGuid = {87DB15E2-04EF-44EA-8AF1-34F012038326}
	EndGlobalSection
EndGlobal
